
Microsoft Visual Studio Solution File, Format Version 12.00
# Visual Studio Version 16
VisualStudioVersion = 16.0.29009.5
MinimumVisualStudioVersion = 10.0.40219.1
Project("{E24C65DC-7377-472B-9ABA-BC803B73C61A}") = "FrontEndProject", "FrontEndProject\", "{AF9F2AA1-50FC-4823-859B-779CBAE51F63}"
	ProjectSection(WebsiteProperties) = preProject
		TargetFrameworkMoniker = ".NETFramework,Version%3Dv4.6.1"
		Debug.AspNetCompiler.VirtualPath = "/localhost_60247"
		Debug.AspNetCompiler.PhysicalPath = "FrontEndProject\"
		Debug.AspNetCompiler.TargetPath = "PrecompiledWeb\localhost_60247\"
		Debug.AspNetCompiler.Updateable = "true"
		Debug.AspNetCompiler.ForceOverwrite = "true"
		Debug.AspNetCompiler.FixedNames = "false"
		Debug.AspNetCompiler.Debug = "True"
		Release.AspNetCompiler.VirtualPath = "/localhost_60247"
		Release.AspNetCompiler.PhysicalPath = "FrontEndProject\"
		Release.AspNetCompiler.TargetPath = "PrecompiledWeb\localhost_60247\"
		Release.AspNetCompiler.Updateable = "true"
		Release.AspNetCompiler.ForceOverwrite = "true"
		Release.AspNetCompiler.FixedNames = "false"
		Release.AspNetCompiler.Debug = "False"
		VWDPort = "60247"
		SlnRelativePath = "FrontEndProject\"
		DefaultWebSiteLanguage = "Visual C#"
	EndProjectSection
EndProject
Project("{2150E333-8FDC-42A3-9474-1A3956D46DE8}") = "Solution Items", "Solution Items", "{FBCEADD9-BC24-4FA9-A772-3929500AB04D}"
EndProject
Global
	GlobalSection(SolutionConfigurationPlatforms) = preSolution
		Debug|Any CPU = Debug|Any CPU
	EndGlobalSection
	GlobalSection(ProjectConfigurationPlatforms) = postSolution
		{AF9F2AA1-50FC-4823-859B-779CBAE51F63}.Debug|Any CPU.ActiveCfg = Debug|Any CPU
		{AF9F2AA1-50FC-4823-859B-779CBAE51F63}.Debug|Any CPU.Build.0 = Debug|Any CPU
	EndGlobalSection
	GlobalSection(SolutionProperties) = preSolution
		HideSolutionNode = FALSE
	EndGlobalSection
	GlobalSection(ExtensibilityGlobals) = postSolution
		SolutionGuid = {DE39B883-0CBD-4B6C-9CFE-B516A241234D}
	EndGlobalSection
EndGlobal
